
Microsoft Visual Studio Solution File, Format Version 12.00
# Visual Studio Version 16
VisualStudioVersion = 16.0.29920.165
MinimumVisualStudioVersion = 10.0.40219.1
Project("{FAE04EC0-301F-11D3-BF4B-00C04F79EFBC}") = "Calendrier_Scholaire_To_Google", "Calendrier_Scholaire_To_Google\Calendrier_Scholaire_To_Google.csproj", "{E1A58FD6-CDE9-41BB-9F99-BE6988A26A0F}"
EndProject
Global
	GlobalSection(SolutionConfigurationPlatforms) = preSolution
		Debug|Any CPU = Debug|Any CPU
		Release|Any CPU = Release|Any CPU
	EndGlobalSection
	GlobalSection(ProjectConfigurationPlatforms) = postSolution
		{E1A58FD6-CDE9-41BB-9F99-BE6988A26A0F}.Debug|Any CPU.ActiveCfg = Debug|Any CPU
		{E1A58FD6-CDE9-41BB-9F99-BE6988A26A0F}.Debug|Any CPU.Build.0 = Debug|Any CPU
		{E1A58FD6-CDE9-41BB-9F99-BE6988A26A0F}.Release|Any CPU.ActiveCfg = Release|Any CPU
		{E1A58FD6-CDE9-41BB-9F99-BE6988A26A0F}.Release|Any CPU.Build.0 = Release|Any CPU
	EndGlobalSection
	GlobalSection(SolutionProperties) = preSolution
		HideSolutionNode = FALSE
	EndGlobalSection
	GlobalSection(ExtensibilityGlobals) = postSolution
		SolutionGuid = {35987954-B472-4360-B509-42B2830C8BBA}
	EndGlobalSection
EndGlobal
