
Microsoft Visual Studio Solution File, Format Version 12.00
# Visual Studio Version 16
VisualStudioVersion = 16.0.29920.165
MinimumVisualStudioVersion = 10.0.40219.1
Project("{FAE04EC0-301F-11D3-BF4B-00C04F79EFBC}") = "SchoolScheduleToGoogleConsole", "Calendrier_Scholaire_To_Google\SchoolScheduleToGoogleConsole.csproj", "{E1A58FD6-CDE9-41BB-9F99-BE6988A26A0F}"
EndProject
Project("{FAE04EC0-301F-11D3-BF4B-00C04F79EFBC}") = "SchoolScheduleLibrary", "SchoolSchedule\SchoolScheduleLibrary.csproj", "{17DD9A33-A06A-455D-8608-723AF68F426D}"
EndProject
Project("{FAE04EC0-301F-11D3-BF4B-00C04F79EFBC}") = "SchoolScheduleToGoogleGUI", "SchoolScheduleToGoogleGUI\SchoolScheduleToGoogleGUI.csproj", "{7ED011AE-E05C-44CC-B360-D6FA1C3F6973}"
EndProject
Global
	GlobalSection(SolutionConfigurationPlatforms) = preSolution
		Debug|Any CPU = Debug|Any CPU
		Release|Any CPU = Release|Any CPU
	EndGlobalSection
	GlobalSection(ProjectConfigurationPlatforms) = postSolution
		{E1A58FD6-CDE9-41BB-9F99-BE6988A26A0F}.Debug|Any CPU.ActiveCfg = Debug|Any CPU
		{E1A58FD6-CDE9-41BB-9F99-BE6988A26A0F}.Debug|Any CPU.Build.0 = Debug|Any CPU
		{E1A58FD6-CDE9-41BB-9F99-BE6988A26A0F}.Release|Any CPU.ActiveCfg = Release|Any CPU
		{E1A58FD6-CDE9-41BB-9F99-BE6988A26A0F}.Release|Any CPU.Build.0 = Release|Any CPU
		{17DD9A33-A06A-455D-8608-723AF68F426D}.Debug|Any CPU.ActiveCfg = Debug|Any CPU
		{17DD9A33-A06A-455D-8608-723AF68F426D}.Debug|Any CPU.Build.0 = Debug|Any CPU
		{17DD9A33-A06A-455D-8608-723AF68F426D}.Release|Any CPU.ActiveCfg = Release|Any CPU
		{17DD9A33-A06A-455D-8608-723AF68F426D}.Release|Any CPU.Build.0 = Release|Any CPU
		{7ED011AE-E05C-44CC-B360-D6FA1C3F6973}.Debug|Any CPU.ActiveCfg = Debug|Any CPU
		{7ED011AE-E05C-44CC-B360-D6FA1C3F6973}.Debug|Any CPU.Build.0 = Debug|Any CPU
		{7ED011AE-E05C-44CC-B360-D6FA1C3F6973}.Release|Any CPU.ActiveCfg = Release|Any CPU
		{7ED011AE-E05C-44CC-B360-D6FA1C3F6973}.Release|Any CPU.Build.0 = Release|Any CPU
	EndGlobalSection
	GlobalSection(SolutionProperties) = preSolution
		HideSolutionNode = FALSE
	EndGlobalSection
	GlobalSection(ExtensibilityGlobals) = postSolution
		SolutionGuid = {35987954-B472-4360-B509-42B2830C8BBA}
	EndGlobalSection
EndGlobal
